github.com/davecgh/go-spew v1.1.0 h1:ZDRjVQ15GmhC3fiQ8ni8+OwkZQO4DARzQgrnXU1Liz8=
github.com/davecgh/go-spew v1.1.0/go.mod h1:J7Y8YcW2NihsgmVo/mv3lAwl/skON4iLHjSsI+c5H38=
github.com/iancoleman/strcase v0.0.0-20190422225806-e506e3ef7365 h1:ECW73yc9MY7935nNYXUkK7Dz17YuSUI9yqRqYS8aBww=
github.com/iancoleman/strcase v0.0.0-20190422225806-e506e3ef7365/go.mod h1:SK73tn/9oHe+/Y0h39VT4UCxmurVJkR5NA7kMEAOgSE=
github.com/piprate/json-gold v0.2.0 h1:cY1ER2Yz5R+Hr0i0RtXLkKuAZAO7gONmS5jvoODLNe0=
github.com/piprate/json-gold v0.2.0/go.mod h1:5EEeMX0Gg1CyQxoy4QRhufCfMSCOvcRAaqwkrn6NqqY=
github.com/pmezard/go-difflib v1.0.0 h1:4DBwDE0NGyQoBHbLQYPwSUPoCMWR5BEzIk/f1lZbAQM=
github.com/pmezard/go-difflib v1.0.0/go.mod h1:iKH77koFhYxTK1pcRnkKkqfTogsbg7gZNVY4sRDYZ/4=
github.com/pquerna/cachecontrol v0.0.0-20180517163645-1555304b9b35 h1:J9b7z+QKAmPf4YLrFg6oQUotqHQeUNWwkvo7jZp1GLU=
github.com/pquerna/cachecontrol v0.0.0-20180517163645-1555304b9b35/go.mod h1:prYjPmNq4d1NPVmpShWobRqXY3q7Vp+80DqgxxUrUIA=
github.com/stretchr/objx v0.1.0/go.mod h1:HFkY916IF+rwdDfMAkV7OtwuqBVzrE8GR6GFx+wExME=
github.com/stretchr/testify v1.3.0 h1:TivCn/peBQ7UY8ooIcPgZFpTNSz0Q2U6UrFlUfqbe0Q=
github.com/stretchr/testify v1.3.0/go.mod h1:M5WIy9Dh21IEIfnGCwXGc5bZfKNJtfHm1UVUgZn+9EI=
